{
  "name": "mud-autodoc",
  "version": "1.0.0",
  "lockfileVersion": 2,
  "requires": true,
  "packages": {
    "": {
      "version": "1.0.0",
      "license": "ISC",
      "dependencies": {
        "async": "^3.2.0",
        "xregexp": "^5.0.2"
      }
    },
    "node_modules/@babel/runtime-corejs3": {
      "version": "7.14.0",
      "resolved": "https://registry.npmjs.org/@babel/runtime-corejs3/-/runtime-corejs3-7.14.0.tgz",
      "integrity": "sha512-0R0HTZWHLk6G8jIk0FtoX+AatCtKnswS98VhXwGImFc759PJRp4Tru0PQYZofyijTFUr+gT8Mu7sgXVJLQ0ceg==",
      "dependencies": {
        "core-js-pure": "^3.0.0",
        "regenerator-runtime": "^0.13.4"
      }
    },
    "node_modules/async": {
      "version": "3.2.0",
      "resolved": "https://registry.npmjs.org/async/-/async-3.2.0.tgz",
      "integrity": "sha512-TR2mEZFVOj2pLStYxLht7TyfuRzaydfpxr3k9RpHIzMgw7A64dzsdqCxH1WJyQdoe8T10nDXd9wnEigmiuHIZw=="
    },
    "node_modules/core-js-pure": {
      "version": "3.11.1",
      "resolved": "https://registry.npmjs.org/core-js-pure/-/core-js-pure-3.11.1.tgz",
      "integrity": "sha512-2JukQi8HgAOCD5CSimxWWXVrUBoA9Br796uIA5Z06bIjt7PBBI19ircFaAxplgE1mJf3x2BY6MkT/HWA/UryPg==",
      "hasInstallScript": true,
      "funding": {
        "type": "opencollective",
        "url": "https://opencollective.com/core-js"
      }
    },
    "node_modules/regenerator-runtime": {
      "version": "0.13.7",
      "resolved": "https://registry.npmjs.org/regenerator-runtime/-/regenerator-runtime-0.13.7.tgz",
      "integrity": "sha512-a54FxoJDIr27pgf7IgeQGxmqUNYrcV338lf/6gH456HZ/PhX+5BcwHXG9ajESmwe6WRO0tAzRUrRmNONWgkrew=="
    },
    "node_modules/xregexp": {
      "version": "5.0.2",
      "resolved": "https://registry.npmjs.org/xregexp/-/xregexp-5.0.2.tgz",
      "integrity": "sha512-JPNfN40YMNSDxZrahMrmtNH1QqPJp0/qNeEJM2nnOlhcBdfCCjekPYFV2OnwKxwvpEYglH1RBotbpRRaEuCG8Q==",
      "dependencies": {
        "@babel/runtime-corejs3": "^7.12.1"
      }
    }
  },
  "dependencies": {
    "@babel/runtime-corejs3": {
      "version": "7.14.0",
      "resolved": "https://registry.npmjs.org/@babel/runtime-corejs3/-/runtime-corejs3-7.14.0.tgz",
      "integrity": "sha512-0R0HTZWHLk6G8jIk0FtoX+AatCtKnswS98VhXwGImFc759PJRp4Tru0PQYZofyijTFUr+gT8Mu7sgXVJLQ0ceg==",
      "requires": {
        "core-js-pure": "^3.0.0",
        "regenerator-runtime": "^0.13.4"
      }
    },
    "async": {
      "version": "3.2.0",
      "resolved": "https://registry.npmjs.org/async/-/async-3.2.0.tgz",
      "integrity": "sha512-TR2mEZFVOj2pLStYxLht7TyfuRzaydfpxr3k9RpHIzMgw7A64dzsdqCxH1WJyQdoe8T10nDXd9wnEigmiuHIZw=="
    },
    "core-js-pure": {
      "version": "3.11.1",
      "resolved": "https://registry.npmjs.org/core-js-pure/-/core-js-pure-3.11.1.tgz",
      "integrity": "sha512-2JukQi8HgAOCD5CSimxWWXVrUBoA9Br796uIA5Z06bIjt7PBBI19ircFaAxplgE1mJf3x2BY6MkT/HWA/UryPg=="
    },
    "regenerator-runtime": {
      "version": "0.13.7",
      "resolved": "https://registry.npmjs.org/regenerator-runtime/-/regenerator-runtime-0.13.7.tgz",
      "integrity": "sha512-a54FxoJDIr27pgf7IgeQGxmqUNYrcV338lf/6gH456HZ/PhX+5BcwHXG9ajESmwe6WRO0tAzRUrRmNONWgkrew=="
    },
    "xregexp": {
      "version": "5.0.2",
      "resolved": "https://registry.npmjs.org/xregexp/-/xregexp-5.0.2.tgz",
      "integrity": "sha512-JPNfN40YMNSDxZrahMrmtNH1QqPJp0/qNeEJM2nnOlhcBdfCCjekPYFV2OnwKxwvpEYglH1RBotbpRRaEuCG8Q==",
      "requires": {
        "@babel/runtime-corejs3": "^7.12.1"
      }
    }
  }
}
